
Microsoft Visual Studio Solution File, Format Version 12.00
Project("{FAE04EC0-301F-11D3-BF4B-00C04F79EFBC}") = "CharsStrings", "CharsStrings\CharsStrings.csproj", "{7A6409E2-95DF-40A7-A3D9-A8225FFFA3CD}"
EndProject
Global
	GlobalSection(SolutionConfigurationPlatforms) = preSolution
		Debug|Any CPU = Debug|Any CPU
		Release|Any CPU = Release|Any CPU
	EndGlobalSection
	GlobalSection(ProjectConfigurationPlatforms) = postSolution
		{7A6409E2-95DF-40A7-A3D9-A8225FFFA3CD}.Debug|Any CPU.ActiveCfg = Debug|Any CPU
		{7A6409E2-95DF-40A7-A3D9-A8225FFFA3CD}.Debug|Any CPU.Build.0 = Debug|Any CPU
		{7A6409E2-95DF-40A7-A3D9-A8225FFFA3CD}.Release|Any CPU.ActiveCfg = Release|Any CPU
		{7A6409E2-95DF-40A7-A3D9-A8225FFFA3CD}.Release|Any CPU.Build.0 = Release|Any CPU
	EndGlobalSection
EndGlobal
